// !$*UTF8*$!
{
	archiveVersion = 1;
	classes = {
	};
	objectVersion = 50;
	objects = {

/* Begin PBXBuildFile section */
		22142C6120826F3B00058603 /* AppDelegate.swift in Sources */ = {isa = PBXBuildFile; fileRef = 22142C6020826F3B00058603 /* AppDelegate.swift */; };
		22142C6320826F3B00058603 /* ViewController.swift in Sources */ = {isa = PBXBuildFile; fileRef = 22142C6220826F3B00058603 /* ViewController.swift */; };
		22142C6620826F3B00058603 /* Main.storyboard in Resources */ = {isa = PBXBuildFile; fileRef = 22142C6420826F3B00058603 /* Main.storyboard */; };
		22142C6820826F3B00058603 /* Assets.xcassets in Resources */ = {isa = PBXBuildFile; fileRef = 22142C6720826F3B00058603 /* Assets.xcassets */; };
		22142C6B20826F3B00058603 /* LaunchScreen.storyboard in Resources */ = {isa = PBXBuildFile; fileRef = 22142C6920826F3B00058603 /* LaunchScreen.storyboard */; };
		227D1A98208562E100147111 /* UIImage+Gif.swift in Sources */ = {isa = PBXBuildFile; fileRef = 227D1A97208562E000147111 /* UIImage+Gif.swift */; };
		228F5C142083E2F20032F4D5 /* Gif.swift in Sources */ = {isa = PBXBuildFile; fileRef = 228F5C132083E2F20032F4D5 /* Gif.swift */; };
		228F5C162083E4630032F4D5 /* CustomCollectionViewCell.swift in Sources */ = {isa = PBXBuildFile; fileRef = 228F5C152083E4630032F4D5 /* CustomCollectionViewCell.swift */; };
		22CF0DB52083BCA8008E9923 /* Config.swift in Sources */ = {isa = PBXBuildFile; fileRef = 22CF0DB42083BCA8008E9923 /* Config.swift */; };
		22DA742920D0F5B4002C3C3F /* PinterestLayout.swift in Sources */ = {isa = PBXBuildFile; fileRef = 22DA742820D0F5B4002C3C3F /* PinterestLayout.swift */; };
/* End PBXBuildFile section */

/* Begin PBXFileReference section */
		22142C5D20826F3B00058603 /* Workshop-CollectionView.app */ = {isa = PBXFileReference; explicitFileType = wrapper.application; includeInIndex = 0; path = "Workshop-CollectionView.app"; sourceTree = BUILT_PRODUCTS_DIR; };
		22142C6020826F3B00058603 /* AppDelegate.swift */ = {isa = PBXFileReference; lastKnownFileType = sourcecode.swift; path = AppDelegate.swift; sourceTree = "<group>"; };
		22142C6220826F3B00058603 /* ViewController.swift */ = {isa = PBXFileReference; lastKnownFileType = sourcecode.swift; path = ViewController.swift; sourceTree = "<group>"; };
		22142C6520826F3B00058603 /* Base */ = {isa = PBXFileReference; lastKnownFileType = file.storyboard; name = Base; path = Base.lproj/Main.storyboard; sourceTree = "<group>"; };
		22142C6720826F3B00058603 /* Assets.xcassets */ = {isa = PBXFileReference; lastKnownFileType = folder.assetcatalog; path = Assets.xcassets; sourceTree = "<group>"; };
		22142C6A20826F3B00058603 /* Base */ = {isa = PBXFileReference; lastKnownFileType = file.storyboard; name = Base; path = Base.lproj/LaunchScreen.storyboard; sourceTree = "<group>"; };
		22142C6C20826F3C00058603 /* Info.plist */ = {isa = PBXFileReference; lastKnownFileType = text.plist.xml; path = Info.plist; sourceTree = "<group>"; };
		227D1A97208562E000147111 /* UIImage+Gif.swift */ = {isa = PBXFileReference; fileEncoding = 4; lastKnownFileType = sourcecode.swift; path = "UIImage+Gif.swift"; sourceTree = "<group>"; };
		228F5C132083E2F20032F4D5 /* Gif.swift */ = {isa = PBXFileReference; lastKnownFileType = sourcecode.swift; path = Gif.swift; sourceTree = "<group>"; };
		228F5C152083E4630032F4D5 /* CustomCollectionViewCell.swift */ = {isa = PBXFileReference; lastKnownFileType = sourcecode.swift; path = CustomCollectionViewCell.swift; sourceTree = "<group>"; };
		22CF0DB42083BCA8008E9923 /* Config.swift */ = {isa = PBXFileReference; lastKnownFileType = sourcecode.swift; path = Config.swift; sourceTree = "<group>"; };
		22DA742820D0F5B4002C3C3F /* PinterestLayout.swift */ = {isa = PBXFileReference; fileEncoding = 4; lastKnownFileType = sourcecode.swift; path = PinterestLayout.swift; sourceTree = "<group>"; };
/* End PBXFileReference section */

/* Begin PBXFrameworksBuildPhase section */
		22142C5A20826F3B00058603 /* Frameworks */ = {
			isa = PBXFrameworksBuildPhase;
			buildActionMask = 2147483647;
			files = (
			);
			runOnlyForDeploymentPostprocessing = 0;
		};
/* End PBXFrameworksBuildPhase section */

/* Begin PBXGroup section */
		22142C5420826F3B00058603 = {
			isa = PBXGroup;
			children = (
				22142C5F20826F3B00058603 /* Workshop-CollectionView */,
				22142C5E20826F3B00058603 /* Products */,
			);
			sourceTree = "<group>";
		};
		22142C5E20826F3B00058603 /* Products */ = {
			isa = PBXGroup;
			children = (
				22142C5D20826F3B00058603 /* Workshop-CollectionView.app */,
			);
			name = Products;
			sourceTree = "<group>";
		};
		22142C5F20826F3B00058603 /* Workshop-CollectionView */ = {
			isa = PBXGroup;
			children = (
				22142C6020826F3B00058603 /* AppDelegate.swift */,
				22DA742820D0F5B4002C3C3F /* PinterestLayout.swift */,
				22142C6220826F3B00058603 /* ViewController.swift */,
				22142C6420826F3B00058603 /* Main.storyboard */,
				22142C6720826F3B00058603 /* Assets.xcassets */,
				22142C6920826F3B00058603 /* LaunchScreen.storyboard */,
				22142C6C20826F3C00058603 /* Info.plist */,
				22CF0DB42083BCA8008E9923 /* Config.swift */,
				228F5C132083E2F20032F4D5 /* Gif.swift */,
				228F5C152083E4630032F4D5 /* CustomCollectionViewCell.swift */,
				227D1A97208562E000147111 /* UIImage+Gif.swift */,
			);
			path = "Workshop-CollectionView";
			sourceTree = "<group>";
		};
/* End PBXGroup section */

/* Begin PBXNativeTarget section */
		22142C5C20826F3B00058603 /* Workshop-CollectionView */ = {
			isa = PBXNativeTarget;
			buildConfigurationList = 22142C6F20826F3C00058603 /* Build configuration list for PBXNativeTarget "Workshop-CollectionView" */;
			buildPhases = (
				22142C5920826F3B00058603 /* Sources */,
				22142C5A20826F3B00058603 /* Frameworks */,
				22142C5B20826F3B00058603 /* Resources */,
			);
			buildRules = (
			);
			dependencies = (
			);
			name = "Workshop-CollectionView";
			productName = "Workshop-CollectionView";
			productReference = 22142C5D20826F3B00058603 /* Workshop-CollectionView.app */;
			productType = "com.apple.product-type.application";
		};
/* End PBXNativeTarget section */

/* Begin PBXProject section */
		22142C5520826F3B00058603 /* Project object */ = {
			isa = PBXProject;
			attributes = {
				LastSwiftUpdateCheck = 0930;
				LastUpgradeCheck = 0930;
				TargetAttributes = {
					22142C5C20826F3B00058603 = {
						CreatedOnToolsVersion = 9.3;
					};
				};
			};
			buildConfigurationList = 22142C5820826F3B00058603 /* Build configuration list for PBXProject "Workshop-CollectionView" */;
			compatibilityVersion = "Xcode 9.3";
			developmentRegion = en;
			hasScannedForEncodings = 0;
			knownRegions = (
				en,
				Base,
			);
			mainGroup = 22142C5420826F3B00058603;
			productRefGroup = 22142C5E20826F3B00058603 /* Products */;
			projectDirPath = "";
			projectRoot = "";
			targets = (
				22142C5C20826F3B00058603 /* Workshop-CollectionView */,
			);
		};
/* End PBXProject section */

/* Begin PBXResourcesBuildPhase section */
		22142C5B20826F3B00058603 /* Resources */ = {
			isa = PBXResourcesBuildPhase;
			buildActionMask = 2147483647;
			files = (
				22142C6B20826F3B00058603 /* LaunchScreen.storyboard in Resources */,
				22142C6820826F3B00058603 /* Assets.xcassets in Resources */,
				22142C6620826F3B00058603 /* Main.storyboard in Resources */,
			);
			runOnlyForDeploymentPostprocessing = 0;
		};
/* End PBXResourcesBuildPhase section */

/* Begin PBXSourcesBuildPhase section */
		22142C5920826F3B00058603 /* Sources */ = {
			isa = PBXSourcesBuildPhase;
			buildActionMask = 2147483647;
			files = (
				227D1A98208562E100147111 /* UIImage+Gif.swift in Sources */,
				22142C6320826F3B00058603 /* ViewController.swift in Sources */,
				228F5C162083E4630032F4D5 /* CustomCollectionViewCell.swift in Sources */,
				22DA742920D0F5B4002C3C3F /* PinterestLayout.swift in Sources */,
				22142C6120826F3B00058603 /* AppDelegate.swift in Sources */,
				228F5C142083E2F20032F4D5 /* Gif.swift in Sources */,
				22CF0DB52083BCA8008E9923 /* Config.swift in Sources */,
			);
			runOnlyForDeploymentPostprocessing = 0;
		};
/* End PBXSourcesBuildPhase section */

/* Begin PBXVariantGroup section */
		22142C6420826F3B00058603 /* Main.storyboard */ = {
			isa = PBXVariantGroup;
			children = (
				22142C6520826F3B00058603 /* Base */,
			);
			name = Main.storyboard;
			sourceTree = "<group>";
		};
		22142C6920826F3B00058603 /* LaunchScreen.storyboard */ = {
			isa = PBXVariantGroup;
			children = (
				22142C6A20826F3B00058603 /* Base */,
			);
			name = LaunchScreen.storyboard;
			sourceTree = "<group>";
		};
/* End PBXVariantGroup section */

/* Begin XCBuildConfiguration section */
		22142C6D20826F3C00058603 /* Debug */ = {
			isa = XCBuildConfiguration;
			buildSettings = {
				ALWAYS_SEARCH_USER_PATHS = NO;
				CLANG_ANALYZER_NONNULL = YES;
				CLANG_ANALYZER_NUMBER_OBJECT_CONVERSION = YES_AGGRESSIVE;
				CLANG_CXX_LANGUAGE_STANDARD = "gnu++14";
				CLANG_CXX_LIBRARY = "libc++";
				CLANG_ENABLE_MODULES = YES;
				CLANG_ENABLE_OBJC_ARC = YES;
				CLANG_ENABLE_OBJC_WEAK = YES;
				CLANG_WARN_BLOCK_CAPTURE_AUTORELEASING = YES;
				CLANG_WARN_BOOL_CONVERSION = YES;
				CLANG_WARN_COMMA = YES;
				CLANG_WARN_CONSTANT_CONVERSION = YES;
				CLANG_WARN_DEPRECATED_OBJC_IMPLEMENTATIONS = YES;
				CLANG_WARN_DIRECT_OBJC_ISA_USAGE = YES_ERROR;
				CLANG_WARN_DOCUMENTATION_COMMENTS = YES;
				CLANG_WARN_EMPTY_BODY = YES;
				CLANG_WARN_ENUM_CONVERSION = YES;
				CLANG_WARN_INFINITE_RECURSION = YES;
				CLANG_WARN_INT_CONVERSION = YES;
				CLANG_WARN_NON_LITERAL_NULL_CONVERSION = YES;
				CLANG_WARN_OBJC_IMPLICIT_RETAIN_SELF = YES;
				CLANG_WARN_OBJC_LITERAL_CONVERSION = YES;
				CLANG_WARN_OBJC_ROOT_CLASS = YES_ERROR;
				CLANG_WARN_RANGE_LOOP_ANALYSIS = YES;
				CLANG_WARN_STRICT_PROTOTYPES = YES;
				CLANG_WARN_SUSPICIOUS_MOVE = YES;
				CLANG_WARN_UNGUARDED_AVAILABILITY = YES_AGGRESSIVE;
				CLANG_WARN_UNREACHABLE_CODE = YES;
				CLANG_WARN__DUPLICATE_METHOD_MATCH = YES;
				CODE_SIGN_IDENTITY = "iPhone Developer";
				COPY_PHASE_STRIP = NO;
				DEBUG_INFORMATION_FORMAT = dwarf;
				ENABLE_STRICT_OBJC_MSGSEND = YES;
				ENABLE_TESTABILITY = YES;
				GCC_C_LANGUAGE_STANDARD = gnu11;
				GCC_DYNAMIC_NO_PIC = NO;
				GCC_NO_COMMON_BLOCKS = YES;
				GCC_OPTIMIZATION_LEVEL = 0;
				GCC_PREPROCESSOR_DEFINITIONS = (
					"DEBUG=1",
					"$(inherited)",
				);
				GCC_WARN_64_TO_32_BIT_CONVERSION = YES;
				GCC_WARN_ABOUT_RETURN_TYPE = YES_ERROR;
				GCC_WARN_UNDECLARED_SELECTOR = YES;
				GCC_WARN_UNINITIALIZED_AUTOS = YES_AGGRESSIVE;
				GCC_WARN_UNUSED_FUNCTION = YES;
				GCC_WARN_UNUSED_VARIABLE = YES;
				IPHONEOS_DEPLOYMENT_TARGET = 11.3;
				MTL_ENABLE_DEBUG_INFO = YES;
				ONLY_ACTIVE_ARCH = YES;
				SDKROOT = iphoneos;
				SWIFT_ACTIVE_COMPILATION_CONDITIONS = DEBUG;
				SWIFT_OPTIMIZATION_LEVEL = "-Onone";
			};
			name = Debug;
		};
		22142C6E20826F3C00058603 /* Release */ = {
			isa = XCBuildConfiguration;
			buildSettings = {
				ALWAYS_SEARCH_USER_PATHS = NO;
				CLANG_ANALYZER_NONNULL = YES;
				CLANG_ANALYZER_NUMBER_OBJECT_CONVERSION = YES_AGGRESSIVE;
				CLANG_CXX_LANGUAGE_STANDARD = "gnu++14";
				CLANG_CXX_LIBRARY = "libc++";
				CLANG_ENABLE_MODULES = YES;
				CLANG_ENABLE_OBJC_ARC = YES;
				CLANG_ENABLE_OBJC_WEAK = YES;
				CLANG_WARN_BLOCK_CAPTURE_AUTORELEASING = YES;
				CLANG_WARN_BOOL_CONVERSION = YES;
				CLANG_WARN_COMMA = YES;
				CLANG_WARN_CONSTANT_CONVERSION = YES;
				CLANG_WARN_DEPRECATED_OBJC_IMPLEMENTATIONS = YES;
				CLANG_WARN_DIRECT_OBJC_ISA_USAGE = YES_ERROR;
				CLANG_WARN_DOCUMENTATION_COMMENTS = YES;
				CLANG_WARN_EMPTY_BODY = YES;
				CLANG_WARN_ENUM_CONVERSION = YES;
				CLANG_WARN_INFINITE_RECURSION = YES;
				CLANG_WARN_INT_CONVERSION = YES;
				CLANG_WARN_NON_LITERAL_NULL_CONVERSION = YES;
				CLANG_WARN_OBJC_IMPLICIT_RETAIN_SELF = YES;
				CLANG_WARN_OBJC_LITERAL_CONVERSION = YES;
				CLANG_WARN_OBJC_ROOT_CLASS = YES_ERROR;
				CLANG_WARN_RANGE_LOOP_ANALYSIS = YES;
				CLANG_WARN_STRICT_PROTOTYPES = YES;
				CLANG_WARN_SUSPICIOUS_MOVE = YES;
				CLANG_WARN_UNGUARDED_AVAILABILITY = YES_AGGRESSIVE;
				CLANG_WARN_UNREACHABLE_CODE = YES;
				CLANG_WARN__DUPLICATE_METHOD_MATCH = YES;
				CODE_SIGN_IDENTITY = "iPhone Developer";
				COPY_PHASE_STRIP = NO;
				DEBUG_INFORMATION_FORMAT = "dwarf-with-dsym";
				ENABLE_NS_ASSERTIONS = NO;
				ENABLE_STRICT_OBJC_MSGSEND = YES;
				GCC_C_LANGUAGE_STANDARD = gnu11;
				GCC_NO_COMMON_BLOCKS = YES;
				GCC_WARN_64_TO_32_BIT_CONVERSION = YES;
				GCC_WARN_ABOUT_RETURN_TYPE = YES_ERROR;
				GCC_WARN_UNDECLARED_SELECTOR = YES;
				GCC_WARN_UNINITIALIZED_AUTOS = YES_AGGRESSIVE;
				GCC_WARN_UNUSED_FUNCTION = YES;
				GCC_WARN_UNUSED_VARIABLE = YES;
				IPHONEOS_DEPLOYMENT_TARGET = 11.3;
				MTL_ENABLE_DEBUG_INFO = NO;
				SDKROOT = iphoneos;
				SWIFT_COMPILATION_MODE = wholemodule;
				SWIFT_OPTIMIZATION_LEVEL = "-O";
				VALIDATE_PRODUCT = YES;
			};
			name = Release;
		};
		22142C7020826F3C00058603 /* Debug */ = {
			isa = XCBuildConfiguration;
			buildSettings = {
				ASSETCATALOG_COMPILER_APPICON_NAME = AppIcon;
				CODE_SIGN_STYLE = Automatic;
				INFOPLIST_FILE = "Workshop-CollectionView/Info.plist";
				LD_RUNPATH_SEARCH_PATHS = (
					"$(inherited)",
					"@executable_path/Frameworks",
				);
				PRODUCT_BUNDLE_IDENTIFIER = "com.andreagiavatto.Workshop-CollectionView";
				PRODUCT_NAME = "$(TARGET_NAME)";
				SWIFT_VERSION = 4.0;
				TARGETED_DEVICE_FAMILY = "1,2";
			};
			name = Debug;
		};
		22142C7120826F3C00058603 /* Release */ = {
			isa = XCBuildConfiguration;
			buildSettings = {
				ASSETCATALOG_COMPILER_APPICON_NAME = AppIcon;
				CODE_SIGN_STYLE = Automatic;
				INFOPLIST_FILE = "Workshop-CollectionView/Info.plist";
				LD_RUNPATH_SEARCH_PATHS = (
					"$(inherited)",
					"@executable_path/Frameworks",
				);
				PRODUCT_BUNDLE_IDENTIFIER = "com.andreagiavatto.Workshop-CollectionView";
				PRODUCT_NAME = "$(TARGET_NAME)";
				SWIFT_VERSION = 4.0;
				TARGETED_DEVICE_FAMILY = "1,2";
			};
			name = Release;
		};
/* End XCBuildConfiguration section */

/* Begin XCConfigurationList section */
		22142C5820826F3B00058603 /* Build configuration list for PBXProject "Workshop-CollectionView" */ = {
			isa = XCConfigurationList;
			buildConfigurations = (
				22142C6D20826F3C00058603 /* Debug */,
				22142C6E20826F3C00058603 /* Release */,
			);
			defaultConfigurationIsVisible = 0;
			defaultConfigurationName = Release;
		};
		22142C6F20826F3C00058603 /* Build configuration list for PBXNativeTarget "Workshop-CollectionView" */ = {
			isa = XCConfigurationList;
			buildConfigurations = (
				22142C7020826F3C00058603 /* Debug */,
				22142C7120826F3C00058603 /* Release */,
			);
			defaultConfigurationIsVisible = 0;
			defaultConfigurationName = Release;
		};
/* End XCConfigurationList section */
	};
	rootObject = 22142C5520826F3B00058603 /* Project object */;
}
